
Microsoft Visual Studio Solution File, Format Version 12.00
# Visual Studio Version 17
VisualStudioVersion = 17.7.34221.43
MinimumVisualStudioVersion = 10.0.40219.1
Project("{FAE04EC0-301F-11D3-BF4B-00C04F79EFBC}") = "HospitalMS", "HospitalMS\HospitalMS.csproj", "{2BF8D3E8-A228-4015-B4DC-F529C98881F3}"
EndProject
Global
	GlobalSection(SolutionConfigurationPlatforms) = preSolution
		Debug|Any CPU = Debug|Any CPU
		Release|Any CPU = Release|Any CPU
	EndGlobalSection
	GlobalSection(ProjectConfigurationPlatforms) = postSolution
		{2BF8D3E8-A228-4015-B4DC-F529C98881F3}.Debug|Any CPU.ActiveCfg = Debug|Any CPU
		{2BF8D3E8-A228-4015-B4DC-F529C98881F3}.Debug|Any CPU.Build.0 = Debug|Any CPU
		{2BF8D3E8-A228-4015-B4DC-F529C98881F3}.Release|Any CPU.ActiveCfg = Release|Any CPU
		{2BF8D3E8-A228-4015-B4DC-F529C98881F3}.Release|Any CPU.Build.0 = Release|Any CPU
	EndGlobalSection
	GlobalSection(SolutionProperties) = preSolution
		HideSolutionNode = FALSE
	EndGlobalSection
	GlobalSection(ExtensibilityGlobals) = postSolution
		SolutionGuid = {E7775E59-72C7-44DE-A986-6385F2A905CB}
	EndGlobalSection
EndGlobal
